
Microsoft Visual Studio Solution File, Format Version 12.00
# Visual Studio Version 16
VisualStudioVersion = 16.0.29806.167
MinimumVisualStudioVersion = 10.0.40219.1
Project("{FAE04EC0-301F-11D3-BF4B-00C04F79EFBC}") = "Batch", "Batch.csproj", "{0DF51C80-B2E1-46F0-A37A-A18E18B04EAD}"
EndProject
Project("{FAE04EC0-301F-11D3-BF4B-00C04F79EFBC}") = "WPF", "WpfApp2\WPF.csproj", "{F6CB4D57-4283-4F56-958A-4B20EAFCE211}"
EndProject
Project("{2150E333-8FDC-42A3-9474-1A3956D46DE8}") = "Batch", "Batch", "{1D7CA045-42F4-4BA2-A0CD-EED58B702730}"
EndProject
Project("{2150E333-8FDC-42A3-9474-1A3956D46DE8}") = "Windows", "Windows", "{77815660-DDE3-4B92-9D97-61532EE7E9BF}"
EndProject
Project("{9A19103F-16F7-4668-BE54-9A1E7A4F7556}") = "WebApplication3", "..\WebApplication3\WebApplication3.csproj", "{449C6EBE-343E-46AF-A0B2-0382ACC021ED}"
EndProject
Global
	GlobalSection(SolutionConfigurationPlatforms) = preSolution
		Debug|Any CPU = Debug|Any CPU
		Release|Any CPU = Release|Any CPU
	EndGlobalSection
	GlobalSection(ProjectConfigurationPlatforms) = postSolution
		{0DF51C80-B2E1-46F0-A37A-A18E18B04EAD}.Debug|Any CPU.ActiveCfg = Debug|Any CPU
		{0DF51C80-B2E1-46F0-A37A-A18E18B04EAD}.Debug|Any CPU.Build.0 = Debug|Any CPU
		{0DF51C80-B2E1-46F0-A37A-A18E18B04EAD}.Release|Any CPU.ActiveCfg = Release|Any CPU
		{0DF51C80-B2E1-46F0-A37A-A18E18B04EAD}.Release|Any CPU.Build.0 = Release|Any CPU
		{F6CB4D57-4283-4F56-958A-4B20EAFCE211}.Debug|Any CPU.ActiveCfg = Debug|Any CPU
		{F6CB4D57-4283-4F56-958A-4B20EAFCE211}.Debug|Any CPU.Build.0 = Debug|Any CPU
		{F6CB4D57-4283-4F56-958A-4B20EAFCE211}.Release|Any CPU.ActiveCfg = Release|Any CPU
		{F6CB4D57-4283-4F56-958A-4B20EAFCE211}.Release|Any CPU.Build.0 = Release|Any CPU
		{449C6EBE-343E-46AF-A0B2-0382ACC021ED}.Debug|Any CPU.ActiveCfg = Debug|Any CPU
		{449C6EBE-343E-46AF-A0B2-0382ACC021ED}.Debug|Any CPU.Build.0 = Debug|Any CPU
		{449C6EBE-343E-46AF-A0B2-0382ACC021ED}.Release|Any CPU.ActiveCfg = Release|Any CPU
		{449C6EBE-343E-46AF-A0B2-0382ACC021ED}.Release|Any CPU.Build.0 = Release|Any CPU
	EndGlobalSection
	GlobalSection(SolutionProperties) = preSolution
		HideSolutionNode = FALSE
	EndGlobalSection
	GlobalSection(NestedProjects) = preSolution
		{0DF51C80-B2E1-46F0-A37A-A18E18B04EAD} = {1D7CA045-42F4-4BA2-A0CD-EED58B702730}
		{F6CB4D57-4283-4F56-958A-4B20EAFCE211} = {77815660-DDE3-4B92-9D97-61532EE7E9BF}
	EndGlobalSection
	GlobalSection(ExtensibilityGlobals) = postSolution
		SolutionGuid = {41133F09-9D7D-4EE5-A6CF-A1F84FDC5AF0}
	EndGlobalSection
EndGlobal
